
Microsoft Visual Studio Solution File, Format Version 12.00
# Visual Studio Version 17
VisualStudioVersion = 17.11.35327.3
MinimumVisualStudioVersion = 10.0.40219.1
Project("{9A19103F-16F7-4668-BE54-9A1E7A4F7556}") = "FunNTalk.API", "FunNTalk.API\FunNTalk.API.csproj", "{1C320E10-366A-429A-800E-D2AEA5D56F82}"
EndProject
Project("{9A19103F-16F7-4668-BE54-9A1E7A4F7556}") = "FunNTalk.Domain", "FunNTalk.Domain\FunNTalk.Domain.csproj", "{91044F03-69B8-47C1-9B5B-3CDE9D5558BB}"
EndProject
Project("{9A19103F-16F7-4668-BE54-9A1E7A4F7556}") = "FunNTalk.Infrastructure", "FunNTalk.Infrastructure\FunNTalk.Infrastructure.csproj", "{E6EDD9A5-97CF-4025-8261-D739BB492488}"
EndProject
Project("{9A19103F-16F7-4668-BE54-9A1E7A4F7556}") = "FunNTalk", "FunNTalk\FunNTalk.csproj", "{42B3EC7A-14A6-4D7D-B770-6838328E33D1}"
EndProject
Global
	GlobalSection(SolutionConfigurationPlatforms) = preSolution
		Debug|Any CPU = Debug|Any CPU
		Release|Any CPU = Release|Any CPU
	EndGlobalSection
	GlobalSection(ProjectConfigurationPlatforms) = postSolution
		{1C320E10-366A-429A-800E-D2AEA5D56F82}.Debug|Any CPU.ActiveCfg = Debug|Any CPU
		{1C320E10-366A-429A-800E-D2AEA5D56F82}.Debug|Any CPU.Build.0 = Debug|Any CPU
		{1C320E10-366A-429A-800E-D2AEA5D56F82}.Release|Any CPU.ActiveCfg = Release|Any CPU
		{1C320E10-366A-429A-800E-D2AEA5D56F82}.Release|Any CPU.Build.0 = Release|Any CPU
		{91044F03-69B8-47C1-9B5B-3CDE9D5558BB}.Debug|Any CPU.ActiveCfg = Debug|Any CPU
		{91044F03-69B8-47C1-9B5B-3CDE9D5558BB}.Debug|Any CPU.Build.0 = Debug|Any CPU
		{91044F03-69B8-47C1-9B5B-3CDE9D5558BB}.Release|Any CPU.ActiveCfg = Release|Any CPU
		{91044F03-69B8-47C1-9B5B-3CDE9D5558BB}.Release|Any CPU.Build.0 = Release|Any CPU
		{E6EDD9A5-97CF-4025-8261-D739BB492488}.Debug|Any CPU.ActiveCfg = Debug|Any CPU
		{E6EDD9A5-97CF-4025-8261-D739BB492488}.Debug|Any CPU.Build.0 = Debug|Any CPU
		{E6EDD9A5-97CF-4025-8261-D739BB492488}.Release|Any CPU.ActiveCfg = Release|Any CPU
		{E6EDD9A5-97CF-4025-8261-D739BB492488}.Release|Any CPU.Build.0 = Release|Any CPU
		{42B3EC7A-14A6-4D7D-B770-6838328E33D1}.Debug|Any CPU.ActiveCfg = Debug|Any CPU
		{42B3EC7A-14A6-4D7D-B770-6838328E33D1}.Debug|Any CPU.Build.0 = Debug|Any CPU
		{42B3EC7A-14A6-4D7D-B770-6838328E33D1}.Release|Any CPU.ActiveCfg = Release|Any CPU
		{42B3EC7A-14A6-4D7D-B770-6838328E33D1}.Release|Any CPU.Build.0 = Release|Any CPU
	EndGlobalSection
	GlobalSection(SolutionProperties) = preSolution
		HideSolutionNode = FALSE
	EndGlobalSection
	GlobalSection(ExtensibilityGlobals) = postSolution
		SolutionGuid = {5476CA4F-2A15-4673-B82A-4CA174093106}
	EndGlobalSection
EndGlobal
